// !$*UTF8*$!
{
	archiveVersion = 1;
	classes = {
	};
	objectVersion = 56;
	objects = {

/* Begin PBXBuildFile section */
		36211D682BDFF8F0007D6CED /* RMOrigin.swift in Sources */ = {isa = PBXBuildFile; fileRef = 36211D672BDFF8F0007D6CED /* RMOrigin.swift */; };
		36211D6A2BDFF952007D6CED /* RMSingleLocation.swift in Sources */ = {isa = PBXBuildFile; fileRef = 36211D692BDFF952007D6CED /* RMSingleLocation.swift */; };
		36211D6C2BE01141007D6CED /* RMCharacterStatus.swift in Sources */ = {isa = PBXBuildFile; fileRef = 36211D6B2BE01141007D6CED /* RMCharacterStatus.swift */; };
		36211D6E2BE0118F007D6CED /* RMCharacterGender.swift in Sources */ = {isa = PBXBuildFile; fileRef = 36211D6D2BE0118F007D6CED /* RMCharacterGender.swift */; };
		36819A402BDF22F000A79B48 /* RMService.swift in Sources */ = {isa = PBXBuildFile; fileRef = 36819A3F2BDF22F000A79B48 /* RMService.swift */; };
		36819A422BDF22F900A79B48 /* RMRequest.swift in Sources */ = {isa = PBXBuildFile; fileRef = 36819A412BDF22F900A79B48 /* RMRequest.swift */; };
		36819A442BDF297E00A79B48 /* RMEndpoint.swift in Sources */ = {isa = PBXBuildFile; fileRef = 36819A432BDF297E00A79B48 /* RMEndpoint.swift */; };
		36E959AB2BD81B3E0074AFA6 /* AppDelegate.swift in Sources */ = {isa = PBXBuildFile; fileRef = 36E959AA2BD81B3E0074AFA6 /* AppDelegate.swift */; };
		36E959AD2BD81B3E0074AFA6 /* SceneDelegate.swift in Sources */ = {isa = PBXBuildFile; fileRef = 36E959AC2BD81B3E0074AFA6 /* SceneDelegate.swift */; };
		36E959AF2BD81B3E0074AFA6 /* RMTabBarViewController.swift in Sources */ = {isa = PBXBuildFile; fileRef = 36E959AE2BD81B3E0074AFA6 /* RMTabBarViewController.swift */; };
		36E959B42BD81B3F0074AFA6 /* Assets.xcassets in Resources */ = {isa = PBXBuildFile; fileRef = 36E959B32BD81B3F0074AFA6 /* Assets.xcassets */; };
		36E959B72BD81B3F0074AFA6 /* Base in Resources */ = {isa = PBXBuildFile; fileRef = 36E959B62BD81B3F0074AFA6 /* Base */; };
		36E959C62BD81F6B0074AFA6 /* RMLocation.swift in Sources */ = {isa = PBXBuildFile; fileRef = 36E959C52BD81F6B0074AFA6 /* RMLocation.swift */; };
		36E959C82BD8201A0074AFA6 /* RMCharacter.swift in Sources */ = {isa = PBXBuildFile; fileRef = 36E959C72BD8201A0074AFA6 /* RMCharacter.swift */; };
		36E959CA2BD86AAB0074AFA6 /* RMEpisode.swift in Sources */ = {isa = PBXBuildFile; fileRef = 36E959C92BD86AAB0074AFA6 /* RMEpisode.swift */; };
		36E959CD2BD86C350074AFA6 /* RMCharacterViewController.swift in Sources */ = {isa = PBXBuildFile; fileRef = 36E959CC2BD86C350074AFA6 /* RMCharacterViewController.swift */; };
		36E959CF2BD86C480074AFA6 /* RMLocationViewController.swift in Sources */ = {isa = PBXBuildFile; fileRef = 36E959CE2BD86C480074AFA6 /* RMLocationViewController.swift */; };
		36E959D12BD86C520074AFA6 /* RMEpisodeViewController.swift in Sources */ = {isa = PBXBuildFile; fileRef = 36E959D02BD86C520074AFA6 /* RMEpisodeViewController.swift */; };
		36E959D32BD86C610074AFA6 /* RMSettingsViewController.swift in Sources */ = {isa = PBXBuildFile; fileRef = 36E959D22BD86C610074AFA6 /* RMSettingsViewController.swift */; };
/* End PBXBuildFile section */

/* Begin PBXFileReference section */
		36211D672BDFF8F0007D6CED /* RMOrigin.swift */ = {isa = PBXFileReference; lastKnownFileType = sourcecode.swift; path = RMOrigin.swift; sourceTree = "<group>"; };
		36211D692BDFF952007D6CED /* RMSingleLocation.swift */ = {isa = PBXFileReference; lastKnownFileType = sourcecode.swift; path = RMSingleLocation.swift; sourceTree = "<group>"; };
		36211D6B2BE01141007D6CED /* RMCharacterStatus.swift */ = {isa = PBXFileReference; lastKnownFileType = sourcecode.swift; path = RMCharacterStatus.swift; sourceTree = "<group>"; };
		36211D6D2BE0118F007D6CED /* RMCharacterGender.swift */ = {isa = PBXFileReference; lastKnownFileType = sourcecode.swift; path = RMCharacterGender.swift; sourceTree = "<group>"; };
		36819A3F2BDF22F000A79B48 /* RMService.swift */ = {isa = PBXFileReference; lastKnownFileType = sourcecode.swift; path = RMService.swift; sourceTree = "<group>"; };
		36819A412BDF22F900A79B48 /* RMRequest.swift */ = {isa = PBXFileReference; lastKnownFileType = sourcecode.swift; path = RMRequest.swift; sourceTree = "<group>"; };
		36819A432BDF297E00A79B48 /* RMEndpoint.swift */ = {isa = PBXFileReference; lastKnownFileType = sourcecode.swift; path = RMEndpoint.swift; sourceTree = "<group>"; };
		36E959A72BD81B3E0074AFA6 /* RickAndMorty.app */ = {isa = PBXFileReference; explicitFileType = wrapper.application; includeInIndex = 0; path = RickAndMorty.app; sourceTree = BUILT_PRODUCTS_DIR; };
		36E959AA2BD81B3E0074AFA6 /* AppDelegate.swift */ = {isa = PBXFileReference; lastKnownFileType = sourcecode.swift; path = AppDelegate.swift; sourceTree = "<group>"; };
		36E959AC2BD81B3E0074AFA6 /* SceneDelegate.swift */ = {isa = PBXFileReference; lastKnownFileType = sourcecode.swift; path = SceneDelegate.swift; sourceTree = "<group>"; };
		36E959AE2BD81B3E0074AFA6 /* RMTabBarViewController.swift */ = {isa = PBXFileReference; lastKnownFileType = sourcecode.swift; path = RMTabBarViewController.swift; sourceTree = "<group>"; };
		36E959B32BD81B3F0074AFA6 /* Assets.xcassets */ = {isa = PBXFileReference; lastKnownFileType = folder.assetcatalog; path = Assets.xcassets; sourceTree = "<group>"; };
		36E959B62BD81B3F0074AFA6 /* Base */ = {isa = PBXFileReference; lastKnownFileType = file.storyboard; name = Base; path = Base.lproj/LaunchScreen.storyboard; sourceTree = "<group>"; };
		36E959B82BD81B3F0074AFA6 /* Info.plist */ = {isa = PBXFileReference; lastKnownFileType = text.plist.xml; path = Info.plist; sourceTree = "<group>"; };
		36E959C52BD81F6B0074AFA6 /* RMLocation.swift */ = {isa = PBXFileReference; lastKnownFileType = sourcecode.swift; path = RMLocation.swift; sourceTree = "<group>"; };
		36E959C72BD8201A0074AFA6 /* RMCharacter.swift */ = {isa = PBXFileReference; lastKnownFileType = sourcecode.swift; path = RMCharacter.swift; sourceTree = "<group>"; };
		36E959C92BD86AAB0074AFA6 /* RMEpisode.swift */ = {isa = PBXFileReference; lastKnownFileType = sourcecode.swift; path = RMEpisode.swift; sourceTree = "<group>"; };
		36E959CC2BD86C350074AFA6 /* RMCharacterViewController.swift */ = {isa = PBXFileReference; lastKnownFileType = sourcecode.swift; path = RMCharacterViewController.swift; sourceTree = "<group>"; };
		36E959CE2BD86C480074AFA6 /* RMLocationViewController.swift */ = {isa = PBXFileReference; lastKnownFileType = sourcecode.swift; path = RMLocationViewController.swift; sourceTree = "<group>"; };
		36E959D02BD86C520074AFA6 /* RMEpisodeViewController.swift */ = {isa = PBXFileReference; lastKnownFileType = sourcecode.swift; path = RMEpisodeViewController.swift; sourceTree = "<group>"; };
		36E959D22BD86C610074AFA6 /* RMSettingsViewController.swift */ = {isa = PBXFileReference; lastKnownFileType = sourcecode.swift; path = RMSettingsViewController.swift; sourceTree = "<group>"; };
/* End PBXFileReference section */

/* Begin PBXFrameworksBuildPhase section */
		36E959A42BD81B3D0074AFA6 /* Frameworks */ = {
			isa = PBXFrameworksBuildPhase;
			buildActionMask = 2147483647;
			files = (
			);
			runOnlyForDeploymentPostprocessing = 0;
		};
/* End PBXFrameworksBuildPhase section */

/* Begin PBXGroup section */
		36E9599E2BD81B3D0074AFA6 = {
			isa = PBXGroup;
			children = (
				36E959A92BD81B3E0074AFA6 /* RickAndMorty */,
				36E959A82BD81B3E0074AFA6 /* Products */,
			);
			sourceTree = "<group>";
		};
		36E959A82BD81B3E0074AFA6 /* Products */ = {
			isa = PBXGroup;
			children = (
				36E959A72BD81B3E0074AFA6 /* RickAndMorty.app */,
			);
			name = Products;
			sourceTree = "<group>";
		};
		36E959A92BD81B3E0074AFA6 /* RickAndMorty */ = {
			isa = PBXGroup;
			children = (
				36E959C42BD81DD20074AFA6 /* Resources */,
				36E959C32BD81DCA0074AFA6 /* Managers */,
				36E959C22BD81DBF0074AFA6 /* APIClient */,
				36E959C12BD81DB70074AFA6 /* ViewModels */,
				36E959C02BD81DB10074AFA6 /* Views */,
				36E959BF2BD81DAB0074AFA6 /* Models */,
				36E959BE2BD81DA20074AFA6 /* Controllers */,
				36E959B82BD81B3F0074AFA6 /* Info.plist */,
			);
			path = RickAndMorty;
			sourceTree = "<group>";
		};
		36E959BE2BD81DA20074AFA6 /* Controllers */ = {
			isa = PBXGroup;
			children = (
				36E959CB2BD86BDC0074AFA6 /* Core */,
			);
			path = Controllers;
			sourceTree = "<group>";
		};
		36E959BF2BD81DAB0074AFA6 /* Models */ = {
			isa = PBXGroup;
			children = (
				36E959C52BD81F6B0074AFA6 /* RMLocation.swift */,
				36E959C72BD8201A0074AFA6 /* RMCharacter.swift */,
				36E959C92BD86AAB0074AFA6 /* RMEpisode.swift */,
				36211D672BDFF8F0007D6CED /* RMOrigin.swift */,
				36211D692BDFF952007D6CED /* RMSingleLocation.swift */,
				36211D6B2BE01141007D6CED /* RMCharacterStatus.swift */,
				36211D6D2BE0118F007D6CED /* RMCharacterGender.swift */,
			);
			path = Models;
			sourceTree = "<group>";
		};
		36E959C02BD81DB10074AFA6 /* Views */ = {
			isa = PBXGroup;
			children = (
			);
			path = Views;
			sourceTree = "<group>";
		};
		36E959C12BD81DB70074AFA6 /* ViewModels */ = {
			isa = PBXGroup;
			children = (
			);
			path = ViewModels;
			sourceTree = "<group>";
		};
		36E959C22BD81DBF0074AFA6 /* APIClient */ = {
			isa = PBXGroup;
			children = (
				36819A3F2BDF22F000A79B48 /* RMService.swift */,
				36819A412BDF22F900A79B48 /* RMRequest.swift */,
				36819A432BDF297E00A79B48 /* RMEndpoint.swift */,
			);
			path = APIClient;
			sourceTree = "<group>";
		};
		36E959C32BD81DCA0074AFA6 /* Managers */ = {
			isa = PBXGroup;
			children = (
			);
			path = Managers;
			sourceTree = "<group>";
		};
		36E959C42BD81DD20074AFA6 /* Resources */ = {
			isa = PBXGroup;
			children = (
				36E959B32BD81B3F0074AFA6 /* Assets.xcassets */,
				36E959B52BD81B3F0074AFA6 /* LaunchScreen.storyboard */,
				36E959AA2BD81B3E0074AFA6 /* AppDelegate.swift */,
				36E959AC2BD81B3E0074AFA6 /* SceneDelegate.swift */,
			);
			path = Resources;
			sourceTree = "<group>";
		};
		36E959CB2BD86BDC0074AFA6 /* Core */ = {
			isa = PBXGroup;
			children = (
				36E959AE2BD81B3E0074AFA6 /* RMTabBarViewController.swift */,
				36E959CC2BD86C350074AFA6 /* RMCharacterViewController.swift */,
				36E959CE2BD86C480074AFA6 /* RMLocationViewController.swift */,
				36E959D02BD86C520074AFA6 /* RMEpisodeViewController.swift */,
				36E959D22BD86C610074AFA6 /* RMSettingsViewController.swift */,
			);
			path = Core;
			sourceTree = "<group>";
		};
/* End PBXGroup section */

/* Begin PBXNativeTarget section */
		36E959A62BD81B3D0074AFA6 /* RickAndMorty */ = {
			isa = PBXNativeTarget;
			buildConfigurationList = 36E959BB2BD81B3F0074AFA6 /* Build configuration list for PBXNativeTarget "RickAndMorty" */;
			buildPhases = (
				36E959A32BD81B3D0074AFA6 /* Sources */,
				36E959A42BD81B3D0074AFA6 /* Frameworks */,
				36E959A52BD81B3D0074AFA6 /* Resources */,
			);
			buildRules = (
			);
			dependencies = (
			);
			name = RickAndMorty;
			productName = RickAndMorty;
			productReference = 36E959A72BD81B3E0074AFA6 /* RickAndMorty.app */;
			productType = "com.apple.product-type.application";
		};
/* End PBXNativeTarget section */

/* Begin PBXProject section */
		36E9599F2BD81B3D0074AFA6 /* Project object */ = {
			isa = PBXProject;
			attributes = {
				BuildIndependentTargetsInParallel = 1;
				LastSwiftUpdateCheck = 1530;
				LastUpgradeCheck = 1530;
				TargetAttributes = {
					36E959A62BD81B3D0074AFA6 = {
						CreatedOnToolsVersion = 15.3;
					};
				};
			};
			buildConfigurationList = 36E959A22BD81B3D0074AFA6 /* Build configuration list for PBXProject "RickAndMorty" */;
			compatibilityVersion = "Xcode 14.0";
			developmentRegion = en;
			hasScannedForEncodings = 0;
			knownRegions = (
				en,
				Base,
			);
			mainGroup = 36E9599E2BD81B3D0074AFA6;
			productRefGroup = 36E959A82BD81B3E0074AFA6 /* Products */;
			projectDirPath = "";
			projectRoot = "";
			targets = (
				36E959A62BD81B3D0074AFA6 /* RickAndMorty */,
			);
		};
/* End PBXProject section */

/* Begin PBXResourcesBuildPhase section */
		36E959A52BD81B3D0074AFA6 /* Resources */ = {
			isa = PBXResourcesBuildPhase;
			buildActionMask = 2147483647;
			files = (
				36E959B42BD81B3F0074AFA6 /* Assets.xcassets in Resources */,
				36E959B72BD81B3F0074AFA6 /* Base in Resources */,
			);
			runOnlyForDeploymentPostprocessing = 0;
		};
/* End PBXResourcesBuildPhase section */

/* Begin PBXSourcesBuildPhase section */
		36E959A32BD81B3D0074AFA6 /* Sources */ = {
			isa = PBXSourcesBuildPhase;
			buildActionMask = 2147483647;
			files = (
				36211D682BDFF8F0007D6CED /* RMOrigin.swift in Sources */,
				36211D6A2BDFF952007D6CED /* RMSingleLocation.swift in Sources */,
				36211D6C2BE01141007D6CED /* RMCharacterStatus.swift in Sources */,
				36E959CF2BD86C480074AFA6 /* RMLocationViewController.swift in Sources */,
				36E959D12BD86C520074AFA6 /* RMEpisodeViewController.swift in Sources */,
				36E959CA2BD86AAB0074AFA6 /* RMEpisode.swift in Sources */,
				36E959AF2BD81B3E0074AFA6 /* RMTabBarViewController.swift in Sources */,
				36E959AB2BD81B3E0074AFA6 /* AppDelegate.swift in Sources */,
				36E959AD2BD81B3E0074AFA6 /* SceneDelegate.swift in Sources */,
				36E959D32BD86C610074AFA6 /* RMSettingsViewController.swift in Sources */,
				36819A402BDF22F000A79B48 /* RMService.swift in Sources */,
				36211D6E2BE0118F007D6CED /* RMCharacterGender.swift in Sources */,
				36E959C62BD81F6B0074AFA6 /* RMLocation.swift in Sources */,
				36819A442BDF297E00A79B48 /* RMEndpoint.swift in Sources */,
				36E959C82BD8201A0074AFA6 /* RMCharacter.swift in Sources */,
				36819A422BDF22F900A79B48 /* RMRequest.swift in Sources */,
				36E959CD2BD86C350074AFA6 /* RMCharacterViewController.swift in Sources */,
			);
			runOnlyForDeploymentPostprocessing = 0;
		};
/* End PBXSourcesBuildPhase section */

/* Begin PBXVariantGroup section */
		36E959B52BD81B3F0074AFA6 /* LaunchScreen.storyboard */ = {
			isa = PBXVariantGroup;
			children = (
				36E959B62BD81B3F0074AFA6 /* Base */,
			);
			name = LaunchScreen.storyboard;
			sourceTree = "<group>";
		};
/* End PBXVariantGroup section */

/* Begin XCBuildConfiguration section */
		36E959B92BD81B3F0074AFA6 /* Debug */ = {
			isa = XCBuildConfiguration;
			buildSettings = {
				ALWAYS_SEARCH_USER_PATHS = NO;
				ASSETCATALOG_COMPILER_GENERATE_SWIFT_ASSET_SYMBOL_EXTENSIONS = YES;
				CLANG_ANALYZER_NONNULL = YES;
				CLANG_ANALYZER_NUMBER_OBJECT_CONVERSION = YES_AGGRESSIVE;
				CLANG_CXX_LANGUAGE_STANDARD = "gnu++20";
				CLANG_ENABLE_MODULES = YES;
				CLANG_ENABLE_OBJC_ARC = YES;
				CLANG_ENABLE_OBJC_WEAK = YES;
				CLANG_WARN_BLOCK_CAPTURE_AUTORELEASING = YES;
				CLANG_WARN_BOOL_CONVERSION = YES;
				CLANG_WARN_COMMA = YES;
				CLANG_WARN_CONSTANT_CONVERSION = YES;
				CLANG_WARN_DEPRECATED_OBJC_IMPLEMENTATIONS = YES;
				CLANG_WARN_DIRECT_OBJC_ISA_USAGE = YES_ERROR;
				CLANG_WARN_DOCUMENTATION_COMMENTS = YES;
				CLANG_WARN_EMPTY_BODY = YES;
				CLANG_WARN_ENUM_CONVERSION = YES;
				CLANG_WARN_INFINITE_RECURSION = YES;
				CLANG_WARN_INT_CONVERSION = YES;
				CLANG_WARN_NON_LITERAL_NULL_CONVERSION = YES;
				CLANG_WARN_OBJC_IMPLICIT_RETAIN_SELF = YES;
				CLANG_WARN_OBJC_LITERAL_CONVERSION = YES;
				CLANG_WARN_OBJC_ROOT_CLASS = YES_ERROR;
				CLANG_WARN_QUOTED_INCLUDE_IN_FRAMEWORK_HEADER = YES;
				CLANG_WARN_RANGE_LOOP_ANALYSIS = YES;
				CLANG_WARN_STRICT_PROTOTYPES = YES;
				CLANG_WARN_SUSPICIOUS_MOVE = YES;
				CLANG_WARN_UNGUARDED_AVAILABILITY = YES_AGGRESSIVE;
				CLANG_WARN_UNREACHABLE_CODE = YES;
				CLANG_WARN__DUPLICATE_METHOD_MATCH = YES;
				COPY_PHASE_STRIP = NO;
				DEBUG_INFORMATION_FORMAT = dwarf;
				ENABLE_STRICT_OBJC_MSGSEND = YES;
				ENABLE_TESTABILITY = YES;
				ENABLE_USER_SCRIPT_SANDBOXING = YES;
				GCC_C_LANGUAGE_STANDARD = gnu17;
				GCC_DYNAMIC_NO_PIC = NO;
				GCC_NO_COMMON_BLOCKS = YES;
				GCC_OPTIMIZATION_LEVEL = 0;
				GCC_PREPROCESSOR_DEFINITIONS = (
					"DEBUG=1",
					"$(inherited)",
				);
				GCC_WARN_64_TO_32_BIT_CONVERSION = YES;
				GCC_WARN_ABOUT_RETURN_TYPE = YES_ERROR;
				GCC_WARN_UNDECLARED_SELECTOR = YES;
				GCC_WARN_UNINITIALIZED_AUTOS = YES_AGGRESSIVE;
				GCC_WARN_UNUSED_FUNCTION = YES;
				GCC_WARN_UNUSED_VARIABLE = YES;
				IPHONEOS_DEPLOYMENT_TARGET = 17.4;
				LOCALIZATION_PREFERS_STRING_CATALOGS = YES;
				MTL_ENABLE_DEBUG_INFO = INCLUDE_SOURCE;
				MTL_FAST_MATH = YES;
				ONLY_ACTIVE_ARCH = YES;
				SDKROOT = iphoneos;
				SWIFT_ACTIVE_COMPILATION_CONDITIONS = "DEBUG $(inherited)";
				SWIFT_OPTIMIZATION_LEVEL = "-Onone";
			};
			name = Debug;
		};
		36E959BA2BD81B3F0074AFA6 /* Release */ = {
			isa = XCBuildConfiguration;
			buildSettings = {
				ALWAYS_SEARCH_USER_PATHS = NO;
				ASSETCATALOG_COMPILER_GENERATE_SWIFT_ASSET_SYMBOL_EXTENSIONS = YES;
				CLANG_ANALYZER_NONNULL = YES;
				CLANG_ANALYZER_NUMBER_OBJECT_CONVERSION = YES_AGGRESSIVE;
				CLANG_CXX_LANGUAGE_STANDARD = "gnu++20";
				CLANG_ENABLE_MODULES = YES;
				CLANG_ENABLE_OBJC_ARC = YES;
				CLANG_ENABLE_OBJC_WEAK = YES;
				CLANG_WARN_BLOCK_CAPTURE_AUTORELEASING = YES;
				CLANG_WARN_BOOL_CONVERSION = YES;
				CLANG_WARN_COMMA = YES;
				CLANG_WARN_CONSTANT_CONVERSION = YES;
				CLANG_WARN_DEPRECATED_OBJC_IMPLEMENTATIONS = YES;
				CLANG_WARN_DIRECT_OBJC_ISA_USAGE = YES_ERROR;
				CLANG_WARN_DOCUMENTATION_COMMENTS = YES;
				CLANG_WARN_EMPTY_BODY = YES;
				CLANG_WARN_ENUM_CONVERSION = YES;
				CLANG_WARN_INFINITE_RECURSION = YES;
				CLANG_WARN_INT_CONVERSION = YES;
				CLANG_WARN_NON_LITERAL_NULL_CONVERSION = YES;
				CLANG_WARN_OBJC_IMPLICIT_RETAIN_SELF = YES;
				CLANG_WARN_OBJC_LITERAL_CONVERSION = YES;
				CLANG_WARN_OBJC_ROOT_CLASS = YES_ERROR;
				CLANG_WARN_QUOTED_INCLUDE_IN_FRAMEWORK_HEADER = YES;
				CLANG_WARN_RANGE_LOOP_ANALYSIS = YES;
				CLANG_WARN_STRICT_PROTOTYPES = YES;
				CLANG_WARN_SUSPICIOUS_MOVE = YES;
				CLANG_WARN_UNGUARDED_AVAILABILITY = YES_AGGRESSIVE;
				CLANG_WARN_UNREACHABLE_CODE = YES;
				CLANG_WARN__DUPLICATE_METHOD_MATCH = YES;
				COPY_PHASE_STRIP = NO;
				DEBUG_INFORMATION_FORMAT = "dwarf-with-dsym";
				ENABLE_NS_ASSERTIONS = NO;
				ENABLE_STRICT_OBJC_MSGSEND = YES;
				ENABLE_USER_SCRIPT_SANDBOXING = YES;
				GCC_C_LANGUAGE_STANDARD = gnu17;
				GCC_NO_COMMON_BLOCKS = YES;
				GCC_WARN_64_TO_32_BIT_CONVERSION = YES;
				GCC_WARN_ABOUT_RETURN_TYPE = YES_ERROR;
				GCC_WARN_UNDECLARED_SELECTOR = YES;
				GCC_WARN_UNINITIALIZED_AUTOS = YES_AGGRESSIVE;
				GCC_WARN_UNUSED_FUNCTION = YES;
				GCC_WARN_UNUSED_VARIABLE = YES;
				IPHONEOS_DEPLOYMENT_TARGET = 17.4;
				LOCALIZATION_PREFERS_STRING_CATALOGS = YES;
				MTL_ENABLE_DEBUG_INFO = NO;
				MTL_FAST_MATH = YES;
				SDKROOT = iphoneos;
				SWIFT_COMPILATION_MODE = wholemodule;
				VALIDATE_PRODUCT = YES;
			};
			name = Release;
		};
		36E959BC2BD81B3F0074AFA6 /* Debug */ = {
			isa = XCBuildConfiguration;
			buildSettings = {
				ASSETCATALOG_COMPILER_APPICON_NAME = AppIcon;
				ASSETCATALOG_COMPILER_GLOBAL_ACCENT_COLOR_NAME = AccentColor;
				CODE_SIGN_STYLE = Automatic;
				CURRENT_PROJECT_VERSION = 1;
				DEVELOPMENT_TEAM = QFY2J3RBF8;
				GENERATE_INFOPLIST_FILE = YES;
				INFOPLIST_FILE = RickAndMorty/Info.plist;
				INFOPLIST_KEY_UIApplicationSupportsIndirectInputEvents = YES;
				INFOPLIST_KEY_UILaunchStoryboardName = LaunchScreen;
				INFOPLIST_KEY_UISupportedInterfaceOrientations_iPad = "UIInterfaceOrientationPortrait UIInterfaceOrientationPortraitUpsideDown UIInterfaceOrientationLandscapeLeft UIInterfaceOrientationLandscapeRight";
				INFOPLIST_KEY_UISupportedInterfaceOrientations_iPhone = "UIInterfaceOrientationPortrait UIInterfaceOrientationLandscapeLeft UIInterfaceOrientationLandscapeRight";
				IPHONEOS_DEPLOYMENT_TARGET = 16.6;
				LD_RUNPATH_SEARCH_PATHS = (
					"$(inherited)",
					"@executable_path/Frameworks",
				);
				MARKETING_VERSION = 1.0;
				PRODUCT_BUNDLE_IDENTIFIER = com.UmutSenol.RickAndMorty;
				PRODUCT_NAME = "$(TARGET_NAME)";
				SWIFT_EMIT_LOC_STRINGS = YES;
				SWIFT_VERSION = 5.0;
				TARGETED_DEVICE_FAMILY = "1,2";
			};
			name = Debug;
		};
		36E959BD2BD81B3F0074AFA6 /* Release */ = {
			isa = XCBuildConfiguration;
			buildSettings = {
				ASSETCATALOG_COMPILER_APPICON_NAME = AppIcon;
				ASSETCATALOG_COMPILER_GLOBAL_ACCENT_COLOR_NAME = AccentColor;
				CODE_SIGN_STYLE = Automatic;
				CURRENT_PROJECT_VERSION = 1;
				DEVELOPMENT_TEAM = QFY2J3RBF8;
				GENERATE_INFOPLIST_FILE = YES;
				INFOPLIST_FILE = RickAndMorty/Info.plist;
				INFOPLIST_KEY_UIApplicationSupportsIndirectInputEvents = YES;
				INFOPLIST_KEY_UILaunchStoryboardName = LaunchScreen;
				INFOPLIST_KEY_UISupportedInterfaceOrientations_iPad = "UIInterfaceOrientationPortrait UIInterfaceOrientationPortraitUpsideDown UIInterfaceOrientationLandscapeLeft UIInterfaceOrientationLandscapeRight";
				INFOPLIST_KEY_UISupportedInterfaceOrientations_iPhone = "UIInterfaceOrientationPortrait UIInterfaceOrientationLandscapeLeft UIInterfaceOrientationLandscapeRight";
				IPHONEOS_DEPLOYMENT_TARGET = 16.6;
				LD_RUNPATH_SEARCH_PATHS = (
					"$(inherited)",
					"@executable_path/Frameworks",
				);
				MARKETING_VERSION = 1.0;
				PRODUCT_BUNDLE_IDENTIFIER = com.UmutSenol.RickAndMorty;
				PRODUCT_NAME = "$(TARGET_NAME)";
				SWIFT_EMIT_LOC_STRINGS = YES;
				SWIFT_VERSION = 5.0;
				TARGETED_DEVICE_FAMILY = "1,2";
			};
			name = Release;
		};
/* End XCBuildConfiguration section */

/* Begin XCConfigurationList section */
		36E959A22BD81B3D0074AFA6 /* Build configuration list for PBXProject "RickAndMorty" */ = {
			isa = XCConfigurationList;
			buildConfigurations = (
				36E959B92BD81B3F0074AFA6 /* Debug */,
				36E959BA2BD81B3F0074AFA6 /* Release */,
			);
			defaultConfigurationIsVisible = 0;
			defaultConfigurationName = Release;
		};
		36E959BB2BD81B3F0074AFA6 /* Build configuration list for PBXNativeTarget "RickAndMorty" */ = {
			isa = XCConfigurationList;
			buildConfigurations = (
				36E959BC2BD81B3F0074AFA6 /* Debug */,
				36E959BD2BD81B3F0074AFA6 /* Release */,
			);
			defaultConfigurationIsVisible = 0;
			defaultConfigurationName = Release;
		};
/* End XCConfigurationList section */
	};
	rootObject = 36E9599F2BD81B3D0074AFA6 /* Project object */;
}
